// !$*UTF8*$!
{
	archiveVersion = 1;
	classes = {
	};
	objectVersion = 46;
	objects = {

/* Begin PBXBuildFile section */
		F8603E9B1E8656D4009E4DBB /* AppDelegate.swift in Sources */ = {isa = PBXBuildFile; fileRef = F8603E9A1E8656D4009E4DBB /* AppDelegate.swift */; };
		F8603E9D1E8656D4009E4DBB /* ViewController.swift in Sources */ = {isa = PBXBuildFile; fileRef = F8603E9C1E8656D4009E4DBB /* ViewController.swift */; };
		F8603EA01E8656D4009E4DBB /* Main.storyboard in Resources */ = {isa = PBXBuildFile; fileRef = F8603E9E1E8656D4009E4DBB /* Main.storyboard */; };
		F8603EA21E8656D4009E4DBB /* Assets.xcassets in Resources */ = {isa = PBXBuildFile; fileRef = F8603EA11E8656D4009E4DBB /* Assets.xcassets */; };
		F8603EA51E8656D4009E4DBB /* LaunchScreen.storyboard in Resources */ = {isa = PBXBuildFile; fileRef = F8603EA31E8656D4009E4DBB /* LaunchScreen.storyboard */; };
		F8603EB01E8656D4009E4DBB /* Home_FinderTests.swift in Sources */ = {isa = PBXBuildFile; fileRef = F8603EAF1E8656D4009E4DBB /* Home_FinderTests.swift */; };
		F8603EBB1E8656F5009E4DBB /* Cartfile in Resources */ = {isa = PBXBuildFile; fileRef = F8603EBA1E8656F5009E4DBB /* Cartfile */; };
		F8603EBD1E8738AD009E4DBB /* LocationBroker.swift in Sources */ = {isa = PBXBuildFile; fileRef = F8603EBC1E8738AD009E4DBB /* LocationBroker.swift */; };
		F8603EC01E87507A009E4DBB /* SwiftDate.framework in Frameworks */ = {isa = PBXBuildFile; fileRef = F8603EBF1E87507A009E4DBB /* SwiftDate.framework */; };
		F8603EC81E8895E5009E4DBB /* PromiseKit.framework in Frameworks */ = {isa = PBXBuildFile; fileRef = F8603EC31E87E546009E4DBB /* PromiseKit.framework */; };
/* End PBXBuildFile section */

/* Begin PBXContainerItemProxy section */
		F8603EAC1E8656D4009E4DBB /* PBXContainerItemProxy */ = {
			isa = PBXContainerItemProxy;
			containerPortal = F8603E8F1E8656D4009E4DBB /* Project object */;
			proxyType = 1;
			remoteGlobalIDString = F8603E961E8656D4009E4DBB;
			remoteInfo = "Home Finder";
		};
/* End PBXContainerItemProxy section */

/* Begin PBXFileReference section */
		F8603E971E8656D4009E4DBB /* Home Finder.app */ = {isa = PBXFileReference; explicitFileType = wrapper.application; includeInIndex = 0; path = "Home Finder.app"; sourceTree = BUILT_PRODUCTS_DIR; };
		F8603E9A1E8656D4009E4DBB /* AppDelegate.swift */ = {isa = PBXFileReference; lastKnownFileType = sourcecode.swift; path = AppDelegate.swift; sourceTree = "<group>"; };
		F8603E9C1E8656D4009E4DBB /* ViewController.swift */ = {isa = PBXFileReference; lastKnownFileType = sourcecode.swift; path = ViewController.swift; sourceTree = "<group>"; };
		F8603E9F1E8656D4009E4DBB /* Base */ = {isa = PBXFileReference; lastKnownFileType = file.storyboard; name = Base; path = Base.lproj/Main.storyboard; sourceTree = "<group>"; };
		F8603EA11E8656D4009E4DBB /* Assets.xcassets */ = {isa = PBXFileReference; lastKnownFileType = folder.assetcatalog; path = Assets.xcassets; sourceTree = "<group>"; };
		F8603EA41E8656D4009E4DBB /* Base */ = {isa = PBXFileReference; lastKnownFileType = file.storyboard; name = Base; path = Base.lproj/LaunchScreen.storyboard; sourceTree = "<group>"; };
		F8603EA61E8656D4009E4DBB /* Info.plist */ = {isa = PBXFileReference; lastKnownFileType = text.plist.xml; path = Info.plist; sourceTree = "<group>"; };
		F8603EAB1E8656D4009E4DBB /* Home FinderTests.xctest */ = {isa = PBXFileReference; explicitFileType = wrapper.cfbundle; includeInIndex = 0; path = "Home FinderTests.xctest"; sourceTree = BUILT_PRODUCTS_DIR; };
		F8603EAF1E8656D4009E4DBB /* Home_FinderTests.swift */ = {isa = PBXFileReference; lastKnownFileType = sourcecode.swift; path = Home_FinderTests.swift; sourceTree = "<group>"; };
		F8603EB11E8656D4009E4DBB /* Info.plist */ = {isa = PBXFileReference; lastKnownFileType = text.plist.xml; path = Info.plist; sourceTree = "<group>"; };
		F8603EBA1E8656F5009E4DBB /* Cartfile */ = {isa = PBXFileReference; fileEncoding = 4; lastKnownFileType = text; path = Cartfile; sourceTree = "<group>"; };
		F8603EBC1E8738AD009E4DBB /* LocationBroker.swift */ = {isa = PBXFileReference; fileEncoding = 4; lastKnownFileType = sourcecode.swift; path = LocationBroker.swift; sourceTree = "<group>"; };
		F8603EBF1E87507A009E4DBB /* SwiftDate.framework */ = {isa = PBXFileReference; lastKnownFileType = wrapper.framework; name = SwiftDate.framework; path = Carthage/Build/iOS/SwiftDate.framework; sourceTree = "<group>"; };
		F8603EC31E87E546009E4DBB /* PromiseKit.framework */ = {isa = PBXFileReference; lastKnownFileType = wrapper.framework; name = PromiseKit.framework; path = Carthage/Build/iOS/PromiseKit.framework; sourceTree = "<group>"; };
/* End PBXFileReference section */

/* Begin PBXFrameworksBuildPhase section */
		F8603E941E8656D4009E4DBB /* Frameworks */ = {
			isa = PBXFrameworksBuildPhase;
			buildActionMask = 2147483647;
			files = (
				F8603EC01E87507A009E4DBB /* SwiftDate.framework in Frameworks */,
				F8603EC81E8895E5009E4DBB /* PromiseKit.framework in Frameworks */,
			);
			runOnlyForDeploymentPostprocessing = 0;
		};
		F8603EA81E8656D4009E4DBB /* Frameworks */ = {
			isa = PBXFrameworksBuildPhase;
			buildActionMask = 2147483647;
			files = (
			);
			runOnlyForDeploymentPostprocessing = 0;
		};
/* End PBXFrameworksBuildPhase section */

/* Begin PBXGroup section */
		F8603E8E1E8656D4009E4DBB = {
			isa = PBXGroup;
			children = (
				F8603EBA1E8656F5009E4DBB /* Cartfile */,
				F8603EC31E87E546009E4DBB /* PromiseKit.framework */,
				F8603EBF1E87507A009E4DBB /* SwiftDate.framework */,
				F8603E991E8656D4009E4DBB /* Home Finder */,
				F8603EAE1E8656D4009E4DBB /* Home FinderTests */,
				F8603E981E8656D4009E4DBB /* Products */,
			);
			sourceTree = "<group>";
		};
		F8603E981E8656D4009E4DBB /* Products */ = {
			isa = PBXGroup;
			children = (
				F8603E971E8656D4009E4DBB /* Home Finder.app */,
				F8603EAB1E8656D4009E4DBB /* Home FinderTests.xctest */,
			);
			name = Products;
			sourceTree = "<group>";
		};
		F8603E991E8656D4009E4DBB /* Home Finder */ = {
			isa = PBXGroup;
			children = (
				F8603E9A1E8656D4009E4DBB /* AppDelegate.swift */,
				F8603E9C1E8656D4009E4DBB /* ViewController.swift */,
				F8603EBC1E8738AD009E4DBB /* LocationBroker.swift */,
				F8603E9E1E8656D4009E4DBB /* Main.storyboard */,
				F8603EA11E8656D4009E4DBB /* Assets.xcassets */,
				F8603EA31E8656D4009E4DBB /* LaunchScreen.storyboard */,
				F8603EA61E8656D4009E4DBB /* Info.plist */,
			);
			path = "Home Finder";
			sourceTree = "<group>";
		};
		F8603EAE1E8656D4009E4DBB /* Home FinderTests */ = {
			isa = PBXGroup;
			children = (
				F8603EAF1E8656D4009E4DBB /* Home_FinderTests.swift */,
				F8603EB11E8656D4009E4DBB /* Info.plist */,
			);
			path = "Home FinderTests";
			sourceTree = "<group>";
		};
/* End PBXGroup section */

/* Begin PBXNativeTarget section */
		F8603E961E8656D4009E4DBB /* Home Finder */ = {
			isa = PBXNativeTarget;
			buildConfigurationList = F8603EB41E8656D4009E4DBB /* Build configuration list for PBXNativeTarget "Home Finder" */;
			buildPhases = (
				F8603E931E8656D4009E4DBB /* Sources */,
				F8603E941E8656D4009E4DBB /* Frameworks */,
				F8603E951E8656D4009E4DBB /* Resources */,
				F8603EBE1E87503B009E4DBB /* Carthage */,
			);
			buildRules = (
			);
			dependencies = (
			);
			name = "Home Finder";
			productName = "Home Finder";
			productReference = F8603E971E8656D4009E4DBB /* Home Finder.app */;
			productType = "com.apple.product-type.application";
		};
		F8603EAA1E8656D4009E4DBB /* Home FinderTests */ = {
			isa = PBXNativeTarget;
			buildConfigurationList = F8603EB71E8656D4009E4DBB /* Build configuration list for PBXNativeTarget "Home FinderTests" */;
			buildPhases = (
				F8603EA71E8656D4009E4DBB /* Sources */,
				F8603EA81E8656D4009E4DBB /* Frameworks */,
				F8603EA91E8656D4009E4DBB /* Resources */,
			);
			buildRules = (
			);
			dependencies = (
				F8603EAD1E8656D4009E4DBB /* PBXTargetDependency */,
			);
			name = "Home FinderTests";
			productName = "Home FinderTests";
			productReference = F8603EAB1E8656D4009E4DBB /* Home FinderTests.xctest */;
			productType = "com.apple.product-type.bundle.unit-test";
		};
/* End PBXNativeTarget section */

/* Begin PBXProject section */
		F8603E8F1E8656D4009E4DBB /* Project object */ = {
			isa = PBXProject;
			attributes = {
				LastSwiftUpdateCheck = 0820;
				LastUpgradeCheck = 0820;
				ORGANIZATIONNAME = WolfskiN;
				TargetAttributes = {
					F8603E961E8656D4009E4DBB = {
						CreatedOnToolsVersion = 8.2.1;
						DevelopmentTeam = EBWXN6RQ82;
						ProvisioningStyle = Automatic;
						SystemCapabilities = {
							com.apple.BackgroundModes = {
								enabled = 1;
							};
						};
					};
					F8603EAA1E8656D4009E4DBB = {
						CreatedOnToolsVersion = 8.2.1;
						ProvisioningStyle = Automatic;
						TestTargetID = F8603E961E8656D4009E4DBB;
					};
				};
			};
			buildConfigurationList = F8603E921E8656D4009E4DBB /* Build configuration list for PBXProject "Home Finder" */;
			compatibilityVersion = "Xcode 3.2";
			developmentRegion = English;
			hasScannedForEncodings = 0;
			knownRegions = (
				en,
				Base,
			);
			mainGroup = F8603E8E1E8656D4009E4DBB;
			productRefGroup = F8603E981E8656D4009E4DBB /* Products */;
			projectDirPath = "";
			projectRoot = "";
			targets = (
				F8603E961E8656D4009E4DBB /* Home Finder */,
				F8603EAA1E8656D4009E4DBB /* Home FinderTests */,
			);
		};
/* End PBXProject section */

/* Begin PBXResourcesBuildPhase section */
		F8603E951E8656D4009E4DBB /* Resources */ = {
			isa = PBXResourcesBuildPhase;
			buildActionMask = 2147483647;
			files = (
				F8603EA51E8656D4009E4DBB /* LaunchScreen.storyboard in Resources */,
				F8603EA21E8656D4009E4DBB /* Assets.xcassets in Resources */,
				F8603EBB1E8656F5009E4DBB /* Cartfile in Resources */,
				F8603EA01E8656D4009E4DBB /* Main.storyboard in Resources */,
			);
			runOnlyForDeploymentPostprocessing = 0;
		};
		F8603EA91E8656D4009E4DBB /* Resources */ = {
			isa = PBXResourcesBuildPhase;
			buildActionMask = 2147483647;
			files = (
			);
			runOnlyForDeploymentPostprocessing = 0;
		};
/* End PBXResourcesBuildPhase section */

/* Begin PBXShellScriptBuildPhase section */
		F8603EBE1E87503B009E4DBB /* Carthage */ = {
			isa = PBXShellScriptBuildPhase;
			buildActionMask = 2147483647;
			files = (
			);
			inputPaths = (
				"$(SRCROOT)/Carthage/Build/iOS/SwiftDate.framework",
				"$(SRCROOT)/Carthage/Build/iOS/PromiseKit.framework",
			);
			name = Carthage;
			outputPaths = (
			);
			runOnlyForDeploymentPostprocessing = 0;
			shellPath = /bin/sh;
			shellScript = "/usr/local/bin/carthage copy-frameworks";
		};
/* End PBXShellScriptBuildPhase section */

/* Begin PBXSourcesBuildPhase section */
		F8603E931E8656D4009E4DBB /* Sources */ = {
			isa = PBXSourcesBuildPhase;
			buildActionMask = 2147483647;
			files = (
				F8603E9D1E8656D4009E4DBB /* ViewController.swift in Sources */,
				F8603E9B1E8656D4009E4DBB /* AppDelegate.swift in Sources */,
				F8603EBD1E8738AD009E4DBB /* LocationBroker.swift in Sources */,
			);
			runOnlyForDeploymentPostprocessing = 0;
		};
		F8603EA71E8656D4009E4DBB /* Sources */ = {
			isa = PBXSourcesBuildPhase;
			buildActionMask = 2147483647;
			files = (
				F8603EB01E8656D4009E4DBB /* Home_FinderTests.swift in Sources */,
			);
			runOnlyForDeploymentPostprocessing = 0;
		};
/* End PBXSourcesBuildPhase section */

/* Begin PBXTargetDependency section */
		F8603EAD1E8656D4009E4DBB /* PBXTargetDependency */ = {
			isa = PBXTargetDependency;
			target = F8603E961E8656D4009E4DBB /* Home Finder */;
			targetProxy = F8603EAC1E8656D4009E4DBB /* PBXContainerItemProxy */;
		};
/* End PBXTargetDependency section */

/* Begin PBXVariantGroup section */
		F8603E9E1E8656D4009E4DBB /* Main.storyboard */ = {
			isa = PBXVariantGroup;
			children = (
				F8603E9F1E8656D4009E4DBB /* Base */,
			);
			name = Main.storyboard;
			sourceTree = "<group>";
		};
		F8603EA31E8656D4009E4DBB /* LaunchScreen.storyboard */ = {
			isa = PBXVariantGroup;
			children = (
				F8603EA41E8656D4009E4DBB /* Base */,
			);
			name = LaunchScreen.storyboard;
			sourceTree = "<group>";
		};
/* End PBXVariantGroup section */

/* Begin XCBuildConfiguration section */
		F8603EB21E8656D4009E4DBB /* Debug */ = {
			isa = XCBuildConfiguration;
			buildSettings = {
				ALWAYS_SEARCH_USER_PATHS = NO;
				CLANG_ANALYZER_NONNULL = YES;
				CLANG_CXX_LANGUAGE_STANDARD = "gnu++0x";
				CLANG_CXX_LIBRARY = "libc++";
				CLANG_ENABLE_MODULES = YES;
				CLANG_ENABLE_OBJC_ARC = YES;
				CLANG_MODULES_AUTOLINK = YES;
				CLANG_WARN_BOOL_CONVERSION = YES;
				CLANG_WARN_CONSTANT_CONVERSION = YES;
				CLANG_WARN_DIRECT_OBJC_ISA_USAGE = YES_ERROR;
				CLANG_WARN_DOCUMENTATION_COMMENTS = YES;
				CLANG_WARN_EMPTY_BODY = YES;
				CLANG_WARN_ENUM_CONVERSION = YES;
				CLANG_WARN_INFINITE_RECURSION = YES;
				CLANG_WARN_INT_CONVERSION = YES;
				CLANG_WARN_OBJC_ROOT_CLASS = YES_ERROR;
				CLANG_WARN_SUSPICIOUS_MOVE = YES;
				CLANG_WARN_UNREACHABLE_CODE = YES;
				CLANG_WARN__DUPLICATE_METHOD_MATCH = YES;
				"CODE_SIGN_IDENTITY[sdk=iphoneos*]" = "iPhone Developer";
				COPY_PHASE_STRIP = NO;
				DEBUG_INFORMATION_FORMAT = dwarf;
				ENABLE_STRICT_OBJC_MSGSEND = YES;
				ENABLE_TESTABILITY = YES;
				FRAMEWORK_SEARCH_PATHS = (
					"$(PROJECT_DIR)/Carthage/Build/iOS",
					"$(PROJECT_DIR)",
				);
				GCC_C_LANGUAGE_STANDARD = gnu99;
				GCC_DYNAMIC_NO_PIC = NO;
				GCC_NO_COMMON_BLOCKS = YES;
				GCC_OPTIMIZATION_LEVEL = 0;
				GCC_PREPROCESSOR_DEFINITIONS = (
					"DEBUG=1",
					"$(inherited)",
				);
				GCC_WARN_64_TO_32_BIT_CONVERSION = YES;
				GCC_WARN_ABOUT_RETURN_TYPE = YES_ERROR;
				GCC_WARN_UNDECLARED_SELECTOR = YES;
				GCC_WARN_UNINITIALIZED_AUTOS = YES_AGGRESSIVE;
				GCC_WARN_UNUSED_FUNCTION = YES;
				GCC_WARN_UNUSED_VARIABLE = YES;
				GENERATE_PKGINFO_FILE = YES;
				IPHONEOS_DEPLOYMENT_TARGET = 9.0;
				LD_RUNPATH_SEARCH_PATHS = "@loader_path/Frameworks @executable_path/Frameworks";
				MTL_ENABLE_DEBUG_INFO = YES;
				ONLY_ACTIVE_ARCH = YES;
				OTHER_LDFLAGS = "";
				SDKROOT = iphoneos;
				SWIFT_ACTIVE_COMPILATION_CONDITIONS = DEBUG;
				SWIFT_OPTIMIZATION_LEVEL = "-Onone";
				SWIFT_VERSION = "";
				TARGETED_DEVICE_FAMILY = 1;
			};
			name = Debug;
		};
		F8603EB31E8656D4009E4DBB /* Release */ = {
			isa = XCBuildConfiguration;
			buildSettings = {
				ALWAYS_SEARCH_USER_PATHS = NO;
				CLANG_ANALYZER_NONNULL = YES;
				CLANG_CXX_LANGUAGE_STANDARD = "gnu++0x";
				CLANG_CXX_LIBRARY = "libc++";
				CLANG_ENABLE_MODULES = YES;
				CLANG_ENABLE_OBJC_ARC = YES;
				CLANG_MODULES_AUTOLINK = YES;
				CLANG_WARN_BOOL_CONVERSION = YES;
				CLANG_WARN_CONSTANT_CONVERSION = YES;
				CLANG_WARN_DIRECT_OBJC_ISA_USAGE = YES_ERROR;
				CLANG_WARN_DOCUMENTATION_COMMENTS = YES;
				CLANG_WARN_EMPTY_BODY = YES;
				CLANG_WARN_ENUM_CONVERSION = YES;
				CLANG_WARN_INFINITE_RECURSION = YES;
				CLANG_WARN_INT_CONVERSION = YES;
				CLANG_WARN_OBJC_ROOT_CLASS = YES_ERROR;
				CLANG_WARN_SUSPICIOUS_MOVE = YES;
				CLANG_WARN_UNREACHABLE_CODE = YES;
				CLANG_WARN__DUPLICATE_METHOD_MATCH = YES;
				"CODE_SIGN_IDENTITY[sdk=iphoneos*]" = "iPhone Developer";
				COPY_PHASE_STRIP = NO;
				DEBUG_INFORMATION_FORMAT = "dwarf-with-dsym";
				ENABLE_NS_ASSERTIONS = NO;
				ENABLE_STRICT_OBJC_MSGSEND = YES;
				FRAMEWORK_SEARCH_PATHS = (
					"$(PROJECT_DIR)/Carthage/Build/iOS",
					"$(PROJECT_DIR)",
				);
				GCC_C_LANGUAGE_STANDARD = gnu99;
				GCC_NO_COMMON_BLOCKS = YES;
				GCC_WARN_64_TO_32_BIT_CONVERSION = YES;
				GCC_WARN_ABOUT_RETURN_TYPE = YES_ERROR;
				GCC_WARN_UNDECLARED_SELECTOR = YES;
				GCC_WARN_UNINITIALIZED_AUTOS = YES_AGGRESSIVE;
				GCC_WARN_UNUSED_FUNCTION = YES;
				GCC_WARN_UNUSED_VARIABLE = YES;
				GENERATE_PKGINFO_FILE = YES;
				IPHONEOS_DEPLOYMENT_TARGET = 9.0;
				LD_RUNPATH_SEARCH_PATHS = "@loader_path/Frameworks @executable_path/Frameworks";
				MTL_ENABLE_DEBUG_INFO = NO;
				OTHER_LDFLAGS = "";
				SDKROOT = iphoneos;
				SWIFT_OPTIMIZATION_LEVEL = "-Owholemodule";
				SWIFT_VERSION = "";
				TARGETED_DEVICE_FAMILY = 1;
				VALIDATE_PRODUCT = YES;
			};
			name = Release;
		};
		F8603EB51E8656D4009E4DBB /* Debug */ = {
			isa = XCBuildConfiguration;
			buildSettings = {
				ASSETCATALOG_COMPILER_APPICON_NAME = AppIcon;
				DEVELOPMENT_TEAM = EBWXN6RQ82;
				ENABLE_BITCODE = YES;
				FRAMEWORK_SEARCH_PATHS = (
					"$(inherited)",
					"$(PROJECT_DIR)/Carthage/Build/iOS",
				);
				INFOPLIST_FILE = "Home Finder/Info.plist";
				LD_RUNPATH_SEARCH_PATHS = "$(inherited) @executable_path/Frameworks $(SRCROOT)/Carthage";
				PRODUCT_BUNDLE_IDENTIFIER = "mobi.farshad.Home-Finder";
				PRODUCT_NAME = "$(TARGET_NAME)";
				SWIFT_VERSION = 3.0;
			};
			name = Debug;
		};
		F8603EB61E8656D4009E4DBB /* Release */ = {
			isa = XCBuildConfiguration;
			buildSettings = {
				ASSETCATALOG_COMPILER_APPICON_NAME = AppIcon;
				DEVELOPMENT_TEAM = EBWXN6RQ82;
				ENABLE_BITCODE = YES;
				FRAMEWORK_SEARCH_PATHS = (
					"$(inherited)",
					"$(PROJECT_DIR)/Carthage/Build/iOS",
				);
				INFOPLIST_FILE = "Home Finder/Info.plist";
				LD_RUNPATH_SEARCH_PATHS = "$(inherited) @executable_path/Frameworks $(SRCROOT)/Carthage";
				PRODUCT_BUNDLE_IDENTIFIER = "mobi.farshad.Home-Finder";
				PRODUCT_NAME = "$(TARGET_NAME)";
				SWIFT_VERSION = 3.0;
			};
			name = Release;
		};
		F8603EB81E8656D4009E4DBB /* Debug */ = {
			isa = XCBuildConfiguration;
			buildSettings = {
				ALWAYS_EMBED_SWIFT_STANDARD_LIBRARIES = YES;
				BUNDLE_LOADER = "$(TEST_HOST)";
				INFOPLIST_FILE = "Home FinderTests/Info.plist";
				LD_RUNPATH_SEARCH_PATHS = "$(inherited) @executable_path/Frameworks @loader_path/Frameworks";
				PRODUCT_BUNDLE_IDENTIFIER = "mobi.farshad.Home-FinderTests";
				PRODUCT_NAME = "$(TARGET_NAME)";
				SWIFT_VERSION = 3.0;
				TEST_HOST = "$(BUILT_PRODUCTS_DIR)/Home Finder.app/Home Finder";
			};
			name = Debug;
		};
		F8603EB91E8656D4009E4DBB /* Release */ = {
			isa = XCBuildConfiguration;
			buildSettings = {
				ALWAYS_EMBED_SWIFT_STANDARD_LIBRARIES = YES;
				BUNDLE_LOADER = "$(TEST_HOST)";
				INFOPLIST_FILE = "Home FinderTests/Info.plist";
				LD_RUNPATH_SEARCH_PATHS = "$(inherited) @executable_path/Frameworks @loader_path/Frameworks";
				PRODUCT_BUNDLE_IDENTIFIER = "mobi.farshad.Home-FinderTests";
				PRODUCT_NAME = "$(TARGET_NAME)";
				SWIFT_VERSION = 3.0;
				TEST_HOST = "$(BUILT_PRODUCTS_DIR)/Home Finder.app/Home Finder";
			};
			name = Release;
		};
/* End XCBuildConfiguration section */

/* Begin XCConfigurationList section */
		F8603E921E8656D4009E4DBB /* Build configuration list for PBXProject "Home Finder" */ = {
			isa = XCConfigurationList;
			buildConfigurations = (
				F8603EB21E8656D4009E4DBB /* Debug */,
				F8603EB31E8656D4009E4DBB /* Release */,
			);
			defaultConfigurationIsVisible = 0;
			defaultConfigurationName = Release;
		};
		F8603EB41E8656D4009E4DBB /* Build configuration list for PBXNativeTarget "Home Finder" */ = {
			isa = XCConfigurationList;
			buildConfigurations = (
				F8603EB51E8656D4009E4DBB /* Debug */,
				F8603EB61E8656D4009E4DBB /* Release */,
			);
			defaultConfigurationIsVisible = 0;
		};
		F8603EB71E8656D4009E4DBB /* Build configuration list for PBXNativeTarget "Home FinderTests" */ = {
			isa = XCConfigurationList;
			buildConfigurations = (
				F8603EB81E8656D4009E4DBB /* Debug */,
				F8603EB91E8656D4009E4DBB /* Release */,
			);
			defaultConfigurationIsVisible = 0;
		};
/* End XCConfigurationList section */
	};
	rootObject = F8603E8F1E8656D4009E4DBB /* Project object */;
}
